// !$*UTF8*$!
{
	archiveVersion = 1;
	classes = {
	};
	objectVersion = 56;
	objects = {

/* Begin PBXBuildFile section */
		849BA6402A79094500D8E0F0 /* PlaceDetailView.swift in Sources */ = {isa = PBXBuildFile; fileRef = 849BA63F2A79094500D8E0F0 /* PlaceDetailView.swift */; };
		849BA6462A791DF800D8E0F0 /* ActivityIndicatorView in Frameworks */ = {isa = PBXBuildFile; productRef = 849BA6452A791DF800D8E0F0 /* ActivityIndicatorView */; };
		84FA93A42A67F63500DFC974 /* PlacesView.swift in Sources */ = {isa = PBXBuildFile; fileRef = 84FA93A32A67F63500DFC974 /* PlacesView.swift */; };
		84FA93AC2A682B2500DFC974 /* PlaceRow.swift in Sources */ = {isa = PBXBuildFile; fileRef = 84FA93AB2A682B2500DFC974 /* PlaceRow.swift */; };
		84FA93AF2A6830F800DFC974 /* Kind.swift in Sources */ = {isa = PBXBuildFile; fileRef = 84FA93AE2A6830F800DFC974 /* Kind.swift */; };
		84FA93B12A68313E00DFC974 /* PossibleKind.swift in Sources */ = {isa = PBXBuildFile; fileRef = 84FA93B02A68313E00DFC974 /* PossibleKind.swift */; };
		84FA93B32A68315300DFC974 /* Places.swift in Sources */ = {isa = PBXBuildFile; fileRef = 84FA93B22A68315300DFC974 /* Places.swift */; };
		84FA93B52A68316300DFC974 /* Place.swift in Sources */ = {isa = PBXBuildFile; fileRef = 84FA93B42A68316300DFC974 /* Place.swift */; };
		84FA93B72A68317F00DFC974 /* Point.swift in Sources */ = {isa = PBXBuildFile; fileRef = 84FA93B62A68317F00DFC974 /* Point.swift */; };
		84FA93B92A68319800DFC974 /* Properties.swift in Sources */ = {isa = PBXBuildFile; fileRef = 84FA93B82A68319800DFC974 /* Properties.swift */; };
		BE1E12592AA5C6CB000BA3D8 /* StoreadAsyncImage.swift in Sources */ = {isa = PBXBuildFile; fileRef = BE1E12582AA5C6CB000BA3D8 /* StoreadAsyncImage.swift */; };
		BE38A88A2AA7294400EB5431 /* UserLocationService.swift in Sources */ = {isa = PBXBuildFile; fileRef = BE38A8892AA7294400EB5431 /* UserLocationService.swift */; };
		BEEF9EC12A67C74E002126F4 /* PlacesService.swift in Sources */ = {isa = PBXBuildFile; fileRef = BEEF9EC02A67C74E002126F4 /* PlacesService.swift */; };
		C05610492A5C78CA007FB970 /* DevAcademyApp.swift in Sources */ = {isa = PBXBuildFile; fileRef = C05610482A5C78CA007FB970 /* DevAcademyApp.swift */; };
		C056104B2A5C78CA007FB970 /* RootView.swift in Sources */ = {isa = PBXBuildFile; fileRef = C056104A2A5C78CA007FB970 /* RootView.swift */; };
		C056104D2A5C78CB007FB970 /* Assets.xcassets in Resources */ = {isa = PBXBuildFile; fileRef = C056104C2A5C78CB007FB970 /* Assets.xcassets */; };
		C0B74A2C2A8280C60018D10F /* Environment.swift in Sources */ = {isa = PBXBuildFile; fileRef = C0B74A2A2A8280C60018D10F /* Environment.swift */; };
		C0B74A2D2A8280C60018D10F /* ObservableObjects.swift in Sources */ = {isa = PBXBuildFile; fileRef = C0B74A2B2A8280C60018D10F /* ObservableObjects.swift */; };
		C0B74A2F2A8280D80018D10F /* Services.swift in Sources */ = {isa = PBXBuildFile; fileRef = C0B74A2E2A8280D80018D10F /* Services.swift */; };
		C0CAEAB92A80094E008D87C2 /* PlaceDetailViewState.swift in Sources */ = {isa = PBXBuildFile; fileRef = C0CAEAB82A80094E008D87C2 /* PlaceDetailViewState.swift */; };
		C0CAEABB2A8009A4008D87C2 /* PlacesViewState.swift in Sources */ = {isa = PBXBuildFile; fileRef = C0CAEABA2A8009A4008D87C2 /* PlacesViewState.swift */; };
		C0CAEAC12A8017E7008D87C2 /* MapView.swift in Sources */ = {isa = PBXBuildFile; fileRef = C0CAEAC02A8017E7008D87C2 /* MapView.swift */; };
		C0CAEAC32A80185B008D87C2 /* IdentifiableCoordinate.swift in Sources */ = {isa = PBXBuildFile; fileRef = C0CAEAC22A80185B008D87C2 /* IdentifiableCoordinate.swift */; };
		C0CAEACB2A80220A008D87C2 /* Coordinator.swift in Sources */ = {isa = PBXBuildFile; fileRef = C0CAEAC72A80220A008D87C2 /* Coordinator.swift */; };
		C0CAEAD12A8023FB008D87C2 /* PlacesObservableObject.swift in Sources */ = {isa = PBXBuildFile; fileRef = C0CAEAD02A8023FB008D87C2 /* PlacesObservableObject.swift */; };
/* End PBXBuildFile section */

/* Begin PBXFileReference section */
		849BA63F2A79094500D8E0F0 /* PlaceDetailView.swift */ = {isa = PBXFileReference; lastKnownFileType = sourcecode.swift; path = PlaceDetailView.swift; sourceTree = "<group>"; };
		84FA93A32A67F63500DFC974 /* PlacesView.swift */ = {isa = PBXFileReference; lastKnownFileType = sourcecode.swift; path = PlacesView.swift; sourceTree = "<group>"; };
		84FA93AB2A682B2500DFC974 /* PlaceRow.swift */ = {isa = PBXFileReference; lastKnownFileType = sourcecode.swift; path = PlaceRow.swift; sourceTree = "<group>"; };
		84FA93AE2A6830F800DFC974 /* Kind.swift */ = {isa = PBXFileReference; lastKnownFileType = sourcecode.swift; path = Kind.swift; sourceTree = "<group>"; };
		84FA93B02A68313E00DFC974 /* PossibleKind.swift */ = {isa = PBXFileReference; lastKnownFileType = sourcecode.swift; path = PossibleKind.swift; sourceTree = "<group>"; };
		84FA93B22A68315300DFC974 /* Places.swift */ = {isa = PBXFileReference; lastKnownFileType = sourcecode.swift; path = Places.swift; sourceTree = "<group>"; };
		84FA93B42A68316300DFC974 /* Place.swift */ = {isa = PBXFileReference; lastKnownFileType = sourcecode.swift; path = Place.swift; sourceTree = "<group>"; };
		84FA93B62A68317F00DFC974 /* Point.swift */ = {isa = PBXFileReference; lastKnownFileType = sourcecode.swift; path = Point.swift; sourceTree = "<group>"; };
		84FA93B82A68319800DFC974 /* Properties.swift */ = {isa = PBXFileReference; lastKnownFileType = sourcecode.swift; path = Properties.swift; sourceTree = "<group>"; };
		BE1E12582AA5C6CB000BA3D8 /* StoreadAsyncImage.swift */ = {isa = PBXFileReference; lastKnownFileType = sourcecode.swift; path = StoreadAsyncImage.swift; sourceTree = "<group>"; };
		BE38A8882AA7285B00EB5431 /* Info.plist */ = {isa = PBXFileReference; lastKnownFileType = text.plist; path = Info.plist; sourceTree = "<group>"; };
		BE38A8892AA7294400EB5431 /* UserLocationService.swift */ = {isa = PBXFileReference; lastKnownFileType = sourcecode.swift; path = UserLocationService.swift; sourceTree = "<group>"; };
		BEEF9EC02A67C74E002126F4 /* PlacesService.swift */ = {isa = PBXFileReference; lastKnownFileType = sourcecode.swift; path = PlacesService.swift; sourceTree = "<group>"; };
		C05610452A5C78CA007FB970 /* DevAcademy.app */ = {isa = PBXFileReference; explicitFileType = wrapper.application; includeInIndex = 0; path = DevAcademy.app; sourceTree = BUILT_PRODUCTS_DIR; };
		C05610482A5C78CA007FB970 /* DevAcademyApp.swift */ = {isa = PBXFileReference; lastKnownFileType = sourcecode.swift; path = DevAcademyApp.swift; sourceTree = "<group>"; };
		C056104A2A5C78CA007FB970 /* RootView.swift */ = {isa = PBXFileReference; lastKnownFileType = sourcecode.swift; path = RootView.swift; sourceTree = "<group>"; };
		C056104C2A5C78CB007FB970 /* Assets.xcassets */ = {isa = PBXFileReference; lastKnownFileType = folder.assetcatalog; path = Assets.xcassets; sourceTree = "<group>"; };
		C0B74A2A2A8280C60018D10F /* Environment.swift */ = {isa = PBXFileReference; fileEncoding = 4; lastKnownFileType = sourcecode.swift; path = Environment.swift; sourceTree = "<group>"; };
		C0B74A2B2A8280C60018D10F /* ObservableObjects.swift */ = {isa = PBXFileReference; fileEncoding = 4; lastKnownFileType = sourcecode.swift; path = ObservableObjects.swift; sourceTree = "<group>"; };
		C0B74A2E2A8280D80018D10F /* Services.swift */ = {isa = PBXFileReference; fileEncoding = 4; lastKnownFileType = sourcecode.swift; path = Services.swift; sourceTree = "<group>"; };
		C0CAEAB82A80094E008D87C2 /* PlaceDetailViewState.swift */ = {isa = PBXFileReference; lastKnownFileType = sourcecode.swift; path = PlaceDetailViewState.swift; sourceTree = "<group>"; };
		C0CAEABA2A8009A4008D87C2 /* PlacesViewState.swift */ = {isa = PBXFileReference; lastKnownFileType = sourcecode.swift; path = PlacesViewState.swift; sourceTree = "<group>"; };
		C0CAEAC02A8017E7008D87C2 /* MapView.swift */ = {isa = PBXFileReference; lastKnownFileType = sourcecode.swift; path = MapView.swift; sourceTree = "<group>"; };
		C0CAEAC22A80185B008D87C2 /* IdentifiableCoordinate.swift */ = {isa = PBXFileReference; lastKnownFileType = sourcecode.swift; path = IdentifiableCoordinate.swift; sourceTree = "<group>"; };
		C0CAEAC72A80220A008D87C2 /* Coordinator.swift */ = {isa = PBXFileReference; fileEncoding = 4; lastKnownFileType = sourcecode.swift; path = Coordinator.swift; sourceTree = "<group>"; };
		C0CAEAD02A8023FB008D87C2 /* PlacesObservableObject.swift */ = {isa = PBXFileReference; lastKnownFileType = sourcecode.swift; path = PlacesObservableObject.swift; sourceTree = "<group>"; };
/* End PBXFileReference section */

/* Begin PBXFrameworksBuildPhase section */
		C05610422A5C78CA007FB970 /* Frameworks */ = {
			isa = PBXFrameworksBuildPhase;
			buildActionMask = 2147483647;
			files = (
				849BA6462A791DF800D8E0F0 /* ActivityIndicatorView in Frameworks */,
			);
			runOnlyForDeploymentPostprocessing = 0;
		};
/* End PBXFrameworksBuildPhase section */

/* Begin PBXGroup section */
		849BA63E2A79090C00D8E0F0 /* PlaceDetail */ = {
			isa = PBXGroup;
			children = (
				849BA63F2A79094500D8E0F0 /* PlaceDetailView.swift */,
				C0CAEAB82A80094E008D87C2 /* PlaceDetailViewState.swift */,
			);
			path = PlaceDetail;
			sourceTree = "<group>";
		};
		84FA93A52A67F66B00DFC974 /* Places */ = {
			isa = PBXGroup;
			children = (
				84FA93A32A67F63500DFC974 /* PlacesView.swift */,
				C0CAEABA2A8009A4008D87C2 /* PlacesViewState.swift */,
				84FA93AB2A682B2500DFC974 /* PlaceRow.swift */,
			);
			path = Places;
			sourceTree = "<group>";
		};
		84FA93AD2A6830DA00DFC974 /* Model */ = {
			isa = PBXGroup;
			children = (
				84FA93B42A68316300DFC974 /* Place.swift */,
				84FA93B22A68315300DFC974 /* Places.swift */,
				84FA93AE2A6830F800DFC974 /* Kind.swift */,
				84FA93B62A68317F00DFC974 /* Point.swift */,
				84FA93B02A68313E00DFC974 /* PossibleKind.swift */,
				84FA93B82A68319800DFC974 /* Properties.swift */,
				C0CAEAC22A80185B008D87C2 /* IdentifiableCoordinate.swift */,
			);
			path = Model;
			sourceTree = "<group>";
		};
		84FA93BA2A68320C00DFC974 /* Services */ = {
			isa = PBXGroup;
			children = (
				C0B74A2E2A8280D80018D10F /* Services.swift */,
				BEEF9EC02A67C74E002126F4 /* PlacesService.swift */,
				BE38A8892AA7294400EB5431 /* UserLocationService.swift */,
			);
			path = Services;
			sourceTree = "<group>";
		};
		84FA93BB2A68322500DFC974 /* Scenes */ = {
			isa = PBXGroup;
			children = (
				849BA63E2A79090C00D8E0F0 /* PlaceDetail */,
				84FA93A52A67F66B00DFC974 /* Places */,
			);
			path = Scenes;
			sourceTree = "<group>";
		};
		C056103C2A5C78CA007FB970 = {
			isa = PBXGroup;
			children = (
				C05610472A5C78CA007FB970 /* DevAcademy */,
				C05610462A5C78CA007FB970 /* Products */,
			);
			sourceTree = "<group>";
		};
		C05610462A5C78CA007FB970 /* Products */ = {
			isa = PBXGroup;
			children = (
				C05610452A5C78CA007FB970 /* DevAcademy.app */,
			);
			name = Products;
			sourceTree = "<group>";
		};
		C05610472A5C78CA007FB970 /* DevAcademy */ = {
			isa = PBXGroup;
			children = (
				BE38A8882AA7285B00EB5431 /* Info.plist */,
				C05610482A5C78CA007FB970 /* DevAcademyApp.swift */,
				C056104A2A5C78CA007FB970 /* RootView.swift */,
				C0CAEAC42A801F3C008D87C2 /* Environment */,
				C0CAEABE2A8017C7008D87C2 /* Library */,
				84FA93AD2A6830DA00DFC974 /* Model */,
				84FA93BB2A68322500DFC974 /* Scenes */,
				84FA93BA2A68320C00DFC974 /* Services */,
				C056104C2A5C78CB007FB970 /* Assets.xcassets */,
			);
			path = DevAcademy;
			sourceTree = "<group>";
		};
		C0CAEABE2A8017C7008D87C2 /* Library */ = {
			isa = PBXGroup;
			children = (
				C0CAEABF2A8017DD008D87C2 /* Views */,
			);
			path = Library;
			sourceTree = "<group>";
		};
		C0CAEABF2A8017DD008D87C2 /* Views */ = {
			isa = PBXGroup;
			children = (
				C0CAEAC02A8017E7008D87C2 /* MapView.swift */,
				BE1E12582AA5C6CB000BA3D8 /* StoreadAsyncImage.swift */,
			);
			path = Views;
			sourceTree = "<group>";
		};
		C0CAEAC42A801F3C008D87C2 /* Environment */ = {
			isa = PBXGroup;
			children = (
				C0CAEACF2A8023DE008D87C2 /* ObservableObjects */,
				C0CAEAC72A80220A008D87C2 /* Coordinator.swift */,
				C0B74A2A2A8280C60018D10F /* Environment.swift */,
				C0B74A2B2A8280C60018D10F /* ObservableObjects.swift */,
			);
			path = Environment;
			sourceTree = "<group>";
		};
		C0CAEACF2A8023DE008D87C2 /* ObservableObjects */ = {
			isa = PBXGroup;
			children = (
				C0CAEAD02A8023FB008D87C2 /* PlacesObservableObject.swift */,
			);
			path = ObservableObjects;
			sourceTree = "<group>";
		};
/* End PBXGroup section */

/* Begin PBXNativeTarget section */
		C05610442A5C78CA007FB970 /* DevAcademy */ = {
			isa = PBXNativeTarget;
			buildConfigurationList = C05610532A5C78CB007FB970 /* Build configuration list for PBXNativeTarget "DevAcademy" */;
			buildPhases = (
				C05610412A5C78CA007FB970 /* Sources */,
				C05610422A5C78CA007FB970 /* Frameworks */,
				C05610432A5C78CA007FB970 /* Resources */,
			);
			buildRules = (
			);
			dependencies = (
			);
			name = DevAcademy;
			packageProductDependencies = (
				849BA6452A791DF800D8E0F0 /* ActivityIndicatorView */,
			);
			productName = DevAcademy;
			productReference = C05610452A5C78CA007FB970 /* DevAcademy.app */;
			productType = "com.apple.product-type.application";
		};
/* End PBXNativeTarget section */

/* Begin PBXProject section */
		C056103D2A5C78CA007FB970 /* Project object */ = {
			isa = PBXProject;
			attributes = {
				BuildIndependentTargetsInParallel = 1;
				LastSwiftUpdateCheck = 1430;
				LastUpgradeCheck = 1430;
				TargetAttributes = {
					C05610442A5C78CA007FB970 = {
						CreatedOnToolsVersion = 14.3.1;
					};
				};
			};
			buildConfigurationList = C05610402A5C78CA007FB970 /* Build configuration list for PBXProject "DevAcademy" */;
			compatibilityVersion = "Xcode 14.0";
			developmentRegion = en;
			hasScannedForEncodings = 0;
			knownRegions = (
				en,
				Base,
			);
			mainGroup = C056103C2A5C78CA007FB970;
			packageReferences = (
				849BA6442A791DF800D8E0F0 /* XCRemoteSwiftPackageReference "ActivityIndicatorView" */,
			);
			productRefGroup = C05610462A5C78CA007FB970 /* Products */;
			projectDirPath = "";
			projectRoot = "";
			targets = (
				C05610442A5C78CA007FB970 /* DevAcademy */,
			);
		};
/* End PBXProject section */

/* Begin PBXResourcesBuildPhase section */
		C05610432A5C78CA007FB970 /* Resources */ = {
			isa = PBXResourcesBuildPhase;
			buildActionMask = 2147483647;
			files = (
				C056104D2A5C78CB007FB970 /* Assets.xcassets in Resources */,
			);
			runOnlyForDeploymentPostprocessing = 0;
		};
/* End PBXResourcesBuildPhase section */

/* Begin PBXSourcesBuildPhase section */
		C05610412A5C78CA007FB970 /* Sources */ = {
			isa = PBXSourcesBuildPhase;
			buildActionMask = 2147483647;
			files = (
				849BA6402A79094500D8E0F0 /* PlaceDetailView.swift in Sources */,
				BE38A88A2AA7294400EB5431 /* UserLocationService.swift in Sources */,
				C0CAEAC12A8017E7008D87C2 /* MapView.swift in Sources */,
				C0CAEAD12A8023FB008D87C2 /* PlacesObservableObject.swift in Sources */,
				C0CAEABB2A8009A4008D87C2 /* PlacesViewState.swift in Sources */,
				84FA93B92A68319800DFC974 /* Properties.swift in Sources */,
				84FA93B32A68315300DFC974 /* Places.swift in Sources */,
				BEEF9EC12A67C74E002126F4 /* PlacesService.swift in Sources */,
				84FA93B52A68316300DFC974 /* Place.swift in Sources */,
				C0CAEAB92A80094E008D87C2 /* PlaceDetailViewState.swift in Sources */,
				84FA93AF2A6830F800DFC974 /* Kind.swift in Sources */,
				C0B74A2F2A8280D80018D10F /* Services.swift in Sources */,
				84FA93AC2A682B2500DFC974 /* PlaceRow.swift in Sources */,
				84FA93B12A68313E00DFC974 /* PossibleKind.swift in Sources */,
				C0CAEACB2A80220A008D87C2 /* Coordinator.swift in Sources */,
				C0B74A2D2A8280C60018D10F /* ObservableObjects.swift in Sources */,
				BE1E12592AA5C6CB000BA3D8 /* StoreadAsyncImage.swift in Sources */,
				84FA93B72A68317F00DFC974 /* Point.swift in Sources */,
				C056104B2A5C78CA007FB970 /* RootView.swift in Sources */,
				C0B74A2C2A8280C60018D10F /* Environment.swift in Sources */,
				84FA93A42A67F63500DFC974 /* PlacesView.swift in Sources */,
				C0CAEAC32A80185B008D87C2 /* IdentifiableCoordinate.swift in Sources */,
				C05610492A5C78CA007FB970 /* DevAcademyApp.swift in Sources */,
			);
			runOnlyForDeploymentPostprocessing = 0;
		};
/* End PBXSourcesBuildPhase section */

/* Begin XCBuildConfiguration section */
		C05610512A5C78CB007FB970 /* Debug */ = {
			isa = XCBuildConfiguration;
			buildSettings = {
				ALWAYS_SEARCH_USER_PATHS = NO;
				CLANG_ANALYZER_NONNULL = YES;
				CLANG_ANALYZER_NUMBER_OBJECT_CONVERSION = YES_AGGRESSIVE;
				CLANG_CXX_LANGUAGE_STANDARD = "gnu++20";
				CLANG_ENABLE_MODULES = YES;
				CLANG_ENABLE_OBJC_ARC = YES;
				CLANG_ENABLE_OBJC_WEAK = YES;
				CLANG_WARN_BLOCK_CAPTURE_AUTORELEASING = YES;
				CLANG_WARN_BOOL_CONVERSION = YES;
				CLANG_WARN_COMMA = YES;
				CLANG_WARN_CONSTANT_CONVERSION = YES;
				CLANG_WARN_DEPRECATED_OBJC_IMPLEMENTATIONS = YES;
				CLANG_WARN_DIRECT_OBJC_ISA_USAGE = YES_ERROR;
				CLANG_WARN_DOCUMENTATION_COMMENTS = YES;
				CLANG_WARN_EMPTY_BODY = YES;
				CLANG_WARN_ENUM_CONVERSION = YES;
				CLANG_WARN_INFINITE_RECURSION = YES;
				CLANG_WARN_INT_CONVERSION = YES;
				CLANG_WARN_NON_LITERAL_NULL_CONVERSION = YES;
				CLANG_WARN_OBJC_IMPLICIT_RETAIN_SELF = YES;
				CLANG_WARN_OBJC_LITERAL_CONVERSION = YES;
				CLANG_WARN_OBJC_ROOT_CLASS = YES_ERROR;
				CLANG_WARN_QUOTED_INCLUDE_IN_FRAMEWORK_HEADER = YES;
				CLANG_WARN_RANGE_LOOP_ANALYSIS = YES;
				CLANG_WARN_STRICT_PROTOTYPES = YES;
				CLANG_WARN_SUSPICIOUS_MOVE = YES;
				CLANG_WARN_UNGUARDED_AVAILABILITY = YES_AGGRESSIVE;
				CLANG_WARN_UNREACHABLE_CODE = YES;
				CLANG_WARN__DUPLICATE_METHOD_MATCH = YES;
				COPY_PHASE_STRIP = NO;
				DEBUG_INFORMATION_FORMAT = dwarf;
				ENABLE_STRICT_OBJC_MSGSEND = YES;
				ENABLE_TESTABILITY = YES;
				GCC_C_LANGUAGE_STANDARD = gnu11;
				GCC_DYNAMIC_NO_PIC = NO;
				GCC_NO_COMMON_BLOCKS = YES;
				GCC_OPTIMIZATION_LEVEL = 0;
				GCC_PREPROCESSOR_DEFINITIONS = (
					"DEBUG=1",
					"$(inherited)",
				);
				GCC_WARN_64_TO_32_BIT_CONVERSION = YES;
				GCC_WARN_ABOUT_RETURN_TYPE = YES_ERROR;
				GCC_WARN_UNDECLARED_SELECTOR = YES;
				GCC_WARN_UNINITIALIZED_AUTOS = YES_AGGRESSIVE;
				GCC_WARN_UNUSED_FUNCTION = YES;
				GCC_WARN_UNUSED_VARIABLE = YES;
				IPHONEOS_DEPLOYMENT_TARGET = 16.0;
				MTL_ENABLE_DEBUG_INFO = INCLUDE_SOURCE;
				MTL_FAST_MATH = YES;
				ONLY_ACTIVE_ARCH = YES;
				SDKROOT = iphoneos;
				SWIFT_ACTIVE_COMPILATION_CONDITIONS = DEBUG;
				SWIFT_OPTIMIZATION_LEVEL = "-Onone";
			};
			name = Debug;
		};
		C05610522A5C78CB007FB970 /* Release */ = {
			isa = XCBuildConfiguration;
			buildSettings = {
				ALWAYS_SEARCH_USER_PATHS = NO;
				CLANG_ANALYZER_NONNULL = YES;
				CLANG_ANALYZER_NUMBER_OBJECT_CONVERSION = YES_AGGRESSIVE;
				CLANG_CXX_LANGUAGE_STANDARD = "gnu++20";
				CLANG_ENABLE_MODULES = YES;
				CLANG_ENABLE_OBJC_ARC = YES;
				CLANG_ENABLE_OBJC_WEAK = YES;
				CLANG_WARN_BLOCK_CAPTURE_AUTORELEASING = YES;
				CLANG_WARN_BOOL_CONVERSION = YES;
				CLANG_WARN_COMMA = YES;
				CLANG_WARN_CONSTANT_CONVERSION = YES;
				CLANG_WARN_DEPRECATED_OBJC_IMPLEMENTATIONS = YES;
				CLANG_WARN_DIRECT_OBJC_ISA_USAGE = YES_ERROR;
				CLANG_WARN_DOCUMENTATION_COMMENTS = YES;
				CLANG_WARN_EMPTY_BODY = YES;
				CLANG_WARN_ENUM_CONVERSION = YES;
				CLANG_WARN_INFINITE_RECURSION = YES;
				CLANG_WARN_INT_CONVERSION = YES;
				CLANG_WARN_NON_LITERAL_NULL_CONVERSION = YES;
				CLANG_WARN_OBJC_IMPLICIT_RETAIN_SELF = YES;
				CLANG_WARN_OBJC_LITERAL_CONVERSION = YES;
				CLANG_WARN_OBJC_ROOT_CLASS = YES_ERROR;
				CLANG_WARN_QUOTED_INCLUDE_IN_FRAMEWORK_HEADER = YES;
				CLANG_WARN_RANGE_LOOP_ANALYSIS = YES;
				CLANG_WARN_STRICT_PROTOTYPES = YES;
				CLANG_WARN_SUSPICIOUS_MOVE = YES;
				CLANG_WARN_UNGUARDED_AVAILABILITY = YES_AGGRESSIVE;
				CLANG_WARN_UNREACHABLE_CODE = YES;
				CLANG_WARN__DUPLICATE_METHOD_MATCH = YES;
				COPY_PHASE_STRIP = NO;
				DEBUG_INFORMATION_FORMAT = "dwarf-with-dsym";
				ENABLE_NS_ASSERTIONS = NO;
				ENABLE_STRICT_OBJC_MSGSEND = YES;
				GCC_C_LANGUAGE_STANDARD = gnu11;
				GCC_NO_COMMON_BLOCKS = YES;
				GCC_WARN_64_TO_32_BIT_CONVERSION = YES;
				GCC_WARN_ABOUT_RETURN_TYPE = YES_ERROR;
				GCC_WARN_UNDECLARED_SELECTOR = YES;
				GCC_WARN_UNINITIALIZED_AUTOS = YES_AGGRESSIVE;
				GCC_WARN_UNUSED_FUNCTION = YES;
				GCC_WARN_UNUSED_VARIABLE = YES;
				IPHONEOS_DEPLOYMENT_TARGET = 16.0;
				MTL_ENABLE_DEBUG_INFO = NO;
				MTL_FAST_MATH = YES;
				SDKROOT = iphoneos;
				SWIFT_COMPILATION_MODE = wholemodule;
				SWIFT_OPTIMIZATION_LEVEL = "-O";
				VALIDATE_PRODUCT = YES;
			};
			name = Release;
		};
		C05610542A5C78CB007FB970 /* Debug */ = {
			isa = XCBuildConfiguration;
			buildSettings = {
				ASSETCATALOG_COMPILER_APPICON_NAME = AppIcon;
				ASSETCATALOG_COMPILER_GLOBAL_ACCENT_COLOR_NAME = AccentColor;
				CODE_SIGN_STYLE = Automatic;
				CURRENT_PROJECT_VERSION = 1;
				DEVELOPMENT_TEAM = "";
				ENABLE_PREVIEWS = YES;
				GENERATE_INFOPLIST_FILE = YES;
				INFOPLIST_FILE = DevAcademy/Info.plist;
				INFOPLIST_KEY_UIApplicationSceneManifest_Generation = YES;
				INFOPLIST_KEY_UIApplicationSupportsIndirectInputEvents = YES;
				INFOPLIST_KEY_UILaunchScreen_Generation = YES;
				INFOPLIST_KEY_UISupportedInterfaceOrientations_iPad = "UIInterfaceOrientationPortrait UIInterfaceOrientationPortraitUpsideDown UIInterfaceOrientationLandscapeLeft UIInterfaceOrientationLandscapeRight";
				INFOPLIST_KEY_UISupportedInterfaceOrientations_iPhone = "UIInterfaceOrientationPortrait UIInterfaceOrientationLandscapeLeft UIInterfaceOrientationLandscapeRight";
				IPHONEOS_DEPLOYMENT_TARGET = 16.0;
				LD_RUNPATH_SEARCH_PATHS = (
					"$(inherited)",
					"@executable_path/Frameworks",
				);
				MARKETING_VERSION = 1.0;
				PRODUCT_BUNDLE_IDENTIFIER = app.futured.DevAcademy;
				PRODUCT_NAME = "$(TARGET_NAME)";
				SWIFT_EMIT_LOC_STRINGS = YES;
				SWIFT_VERSION = 5.0;
				TARGETED_DEVICE_FAMILY = "1,2";
			};
			name = Debug;
		};
		C05610552A5C78CB007FB970 /* Release */ = {
			isa = XCBuildConfiguration;
			buildSettings = {
				ASSETCATALOG_COMPILER_APPICON_NAME = AppIcon;
				ASSETCATALOG_COMPILER_GLOBAL_ACCENT_COLOR_NAME = AccentColor;
				CODE_SIGN_STYLE = Automatic;
				CURRENT_PROJECT_VERSION = 1;
				DEVELOPMENT_TEAM = "";
				ENABLE_PREVIEWS = YES;
				GENERATE_INFOPLIST_FILE = YES;
				INFOPLIST_FILE = DevAcademy/Info.plist;
				INFOPLIST_KEY_UIApplicationSceneManifest_Generation = YES;
				INFOPLIST_KEY_UIApplicationSupportsIndirectInputEvents = YES;
				INFOPLIST_KEY_UILaunchScreen_Generation = YES;
				INFOPLIST_KEY_UISupportedInterfaceOrientations_iPad = "UIInterfaceOrientationPortrait UIInterfaceOrientationPortraitUpsideDown UIInterfaceOrientationLandscapeLeft UIInterfaceOrientationLandscapeRight";
				INFOPLIST_KEY_UISupportedInterfaceOrientations_iPhone = "UIInterfaceOrientationPortrait UIInterfaceOrientationLandscapeLeft UIInterfaceOrientationLandscapeRight";
				IPHONEOS_DEPLOYMENT_TARGET = 16.0;
				LD_RUNPATH_SEARCH_PATHS = (
					"$(inherited)",
					"@executable_path/Frameworks",
				);
				MARKETING_VERSION = 1.0;
				PRODUCT_BUNDLE_IDENTIFIER = app.futured.DevAcademy;
				PRODUCT_NAME = "$(TARGET_NAME)";
				SWIFT_EMIT_LOC_STRINGS = YES;
				SWIFT_VERSION = 5.0;
				TARGETED_DEVICE_FAMILY = "1,2";
			};
			name = Release;
		};
/* End XCBuildConfiguration section */

/* Begin XCConfigurationList section */
		C05610402A5C78CA007FB970 /* Build configuration list for PBXProject "DevAcademy" */ = {
			isa = XCConfigurationList;
			buildConfigurations = (
				C05610512A5C78CB007FB970 /* Debug */,
				C05610522A5C78CB007FB970 /* Release */,
			);
			defaultConfigurationIsVisible = 0;
			defaultConfigurationName = Release;
		};
		C05610532A5C78CB007FB970 /* Build configuration list for PBXNativeTarget "DevAcademy" */ = {
			isa = XCConfigurationList;
			buildConfigurations = (
				C05610542A5C78CB007FB970 /* Debug */,
				C05610552A5C78CB007FB970 /* Release */,
			);
			defaultConfigurationIsVisible = 0;
			defaultConfigurationName = Release;
		};
/* End XCConfigurationList section */

/* Begin XCRemoteSwiftPackageReference section */
		849BA6442A791DF800D8E0F0 /* XCRemoteSwiftPackageReference "ActivityIndicatorView" */ = {
			isa = XCRemoteSwiftPackageReference;
			repositoryURL = "https://github.com/exyte/ActivityIndicatorView.git";
			requirement = {
				kind = upToNextMajorVersion;
				minimumVersion = 1.0.0;
			};
		};
/* End XCRemoteSwiftPackageReference section */

/* Begin XCSwiftPackageProductDependency section */
		849BA6452A791DF800D8E0F0 /* ActivityIndicatorView */ = {
			isa = XCSwiftPackageProductDependency;
			package = 849BA6442A791DF800D8E0F0 /* XCRemoteSwiftPackageReference "ActivityIndicatorView" */;
			productName = ActivityIndicatorView;
		};
/* End XCSwiftPackageProductDependency section */
	};
	rootObject = C056103D2A5C78CA007FB970 /* Project object */;
}
